<Solution>
  <Folder Name="/src/">
    <Project Path="src/DiskCompare.App/DiskCompare.App.csproj" />
    <Project Path="src/DiskCompare.Core/DiskCompare.Core.csproj" />
  </Folder>
  <Folder Name="/tests/">
    <Project Path="tests/DiskCompare.Core.Tests/DiskCompare.Core.Tests.csproj" />
  </Folder>
</Solution>
